
Microsoft Visual Studio Solution File, Format Version 12.00
# Visual Studio Version 16
VisualStudioVersion = 16.0.29905.134
MinimumVisualStudioVersion = 10.0.40219.1
Project("{FAE04EC0-301F-11D3-BF4B-00C04F79EFBC}") = "DotNet46Sample", "DotNet46Sample.csproj", "{81D734D7-A0C0-45D8-AD28-0810F86CC6F5}"
EndProject
Project("{9A19103F-16F7-4668-BE54-9A1E7A4F7556}") = "BigBlueButtonAPI.NET", "..\..\Source\BigBlueButtonAPI.NET\BigBlueButtonAPI.NET.csproj", "{EA1EA9D2-3ECF-45FC-8409-C71F0070A2D5}"
EndProject
Global
	GlobalSection(SolutionConfigurationPlatforms) = preSolution
		Debug|Any CPU = Debug|Any CPU
		Release|Any CPU = Release|Any CPU
	EndGlobalSection
	GlobalSection(ProjectConfigurationPlatforms) = postSolution
		{81D734D7-A0C0-45D8-AD28-0810F86CC6F5}.Debug|Any CPU.ActiveCfg = Debug|Any CPU
		{81D734D7-A0C0-45D8-AD28-0810F86CC6F5}.Debug|Any CPU.Build.0 = Debug|Any CPU
		{81D734D7-A0C0-45D8-AD28-0810F86CC6F5}.Release|Any CPU.ActiveCfg = Release|Any CPU
		{81D734D7-A0C0-45D8-AD28-0810F86CC6F5}.Release|Any CPU.Build.0 = Release|Any CPU
		{EA1EA9D2-3ECF-45FC-8409-C71F0070A2D5}.Debug|Any CPU.ActiveCfg = Debug|Any CPU
		{EA1EA9D2-3ECF-45FC-8409-C71F0070A2D5}.Debug|Any CPU.Build.0 = Debug|Any CPU
		{EA1EA9D2-3ECF-45FC-8409-C71F0070A2D5}.Release|Any CPU.ActiveCfg = Release|Any CPU
		{EA1EA9D2-3ECF-45FC-8409-C71F0070A2D5}.Release|Any CPU.Build.0 = Release|Any CPU
	EndGlobalSection
	GlobalSection(SolutionProperties) = preSolution
		HideSolutionNode = FALSE
	EndGlobalSection
	GlobalSection(ExtensibilityGlobals) = postSolution
		SolutionGuid = {BAC87F55-A56C-4DAF-9D58-AA87A19FE1F4}
	EndGlobalSection
EndGlobal
